
Microsoft Visual Studio Solution File, Format Version 12.00
# Visual Studio 15
VisualStudioVersion = 15.0.28010.2041
MinimumVisualStudioVersion = 10.0.40219.1
Project("{FAE04EC0-301F-11D3-BF4B-00C04F79EFBC}") = "CursoEF", "CursoEF\CursoEF.csproj", "{30FE707B-E688-4185-96F8-016603D79E34}"
EndProject
Global
	GlobalSection(SolutionConfigurationPlatforms) = preSolution
		Debug|Any CPU = Debug|Any CPU
		Release|Any CPU = Release|Any CPU
	EndGlobalSection
	GlobalSection(ProjectConfigurationPlatforms) = postSolution
		{30FE707B-E688-4185-96F8-016603D79E34}.Debug|Any CPU.ActiveCfg = Debug|Any CPU
		{30FE707B-E688-4185-96F8-016603D79E34}.Debug|Any CPU.Build.0 = Debug|Any CPU
		{30FE707B-E688-4185-96F8-016603D79E34}.Release|Any CPU.ActiveCfg = Release|Any CPU
		{30FE707B-E688-4185-96F8-016603D79E34}.Release|Any CPU.Build.0 = Release|Any CPU
	EndGlobalSection
	GlobalSection(SolutionProperties) = preSolution
		HideSolutionNode = FALSE
	EndGlobalSection
	GlobalSection(ExtensibilityGlobals) = postSolution
		SolutionGuid = {CC69C8C0-E597-40F9-AA6E-64472BAD3E69}
	EndGlobalSection
EndGlobal
